
Microsoft Visual Studio Solution File, Format Version 12.00
# Visual Studio Version 17
VisualStudioVersion = 17.4.33110.190
MinimumVisualStudioVersion = 10.0.40219.1
Project("{FAE04EC0-301F-11D3-BF4B-00C04F79EFBC}") = "MDCG.WebApi", "MDCG.WebApi\MDCG.WebApi.csproj", "{A8086912-238F-4E77-A3FD-E0B089EFF726}"
EndProject
Global
	GlobalSection(SolutionConfigurationPlatforms) = preSolution
		Debug|Any CPU = Debug|Any CPU
		Release|Any CPU = Release|Any CPU
	EndGlobalSection
	GlobalSection(ProjectConfigurationPlatforms) = postSolution
		{A8086912-238F-4E77-A3FD-E0B089EFF726}.Debug|Any CPU.ActiveCfg = Debug|Any CPU
		{A8086912-238F-4E77-A3FD-E0B089EFF726}.Debug|Any CPU.Build.0 = Debug|Any CPU
		{A8086912-238F-4E77-A3FD-E0B089EFF726}.Release|Any CPU.ActiveCfg = Release|Any CPU
		{A8086912-238F-4E77-A3FD-E0B089EFF726}.Release|Any CPU.Build.0 = Release|Any CPU
	EndGlobalSection
	GlobalSection(SolutionProperties) = preSolution
		HideSolutionNode = FALSE
	EndGlobalSection
	GlobalSection(ExtensibilityGlobals) = postSolution
		SolutionGuid = {13E2E21D-A10F-4B6B-AF44-59EEAD7B35A5}
	EndGlobalSection
EndGlobal
